
Microsoft Visual Studio Solution File, Format Version 12.00
# Visual Studio 15
VisualStudioVersion = 15.0.27110.0
MinimumVisualStudioVersion = 10.0.40219.1
Project("{9A19103F-16F7-4668-BE54-9A1E7A4F7556}") = "SimpleDatabase.Core", "SimpleDatabase.Core\SimpleDatabase.Core.csproj", "{6FC119CC-6DB0-412D-B8CD-7A255E40D977}"
EndProject
Project("{9A19103F-16F7-4668-BE54-9A1E7A4F7556}") = "SimpleDatabase.CLI", "SimpleDatabase.CLI\SimpleDatabase.CLI.csproj", "{EE424103-7B96-49F5-B407-0EC8265F4783}"
EndProject
Project("{9A19103F-16F7-4668-BE54-9A1E7A4F7556}") = "SimpleDatabase.CLI.UnitTests", "SimpleDatabase.CLI.UnitTests\SimpleDatabase.CLI.UnitTests.csproj", "{220B01D9-AC34-4409-A63D-A809B3C6A4D7}"
EndProject
Project("{9A19103F-16F7-4668-BE54-9A1E7A4F7556}") = "SimpleDatabase.Core.UnitTests", "SimpleDatabase.Core.UnitTests\SimpleDatabase.Core.UnitTests.csproj", "{B868D35D-2BA3-4A88-8B27-81B617CB7991}"
EndProject
Project("{9A19103F-16F7-4668-BE54-9A1E7A4F7556}") = "SimpleDatabase.Parsing", "SimpleDatabase.Parsing\SimpleDatabase.Parsing.csproj", "{73C1BF4A-9CF9-47B0-BC3F-329D2A565D49}"
EndProject
Project("{9A19103F-16F7-4668-BE54-9A1E7A4F7556}") = "SimpleDatabase.Planning", "SimpleDatabase.Planning\SimpleDatabase.Planning.csproj", "{EF455001-C0A8-4386-8177-DBA038A9C099}"
EndProject
Project("{9A19103F-16F7-4668-BE54-9A1E7A4F7556}") = "SimpleDatabase.Parsing.UnitTests", "SimpleDatabase.Parsing.UnitTests\SimpleDatabase.Parsing.UnitTests.csproj", "{A1B28714-86DF-46E1-AF7A-EA6DD191BE3D}"
EndProject
Project("{9A19103F-16F7-4668-BE54-9A1E7A4F7556}") = "SimpleDatabase.Schemas", "SimpleDatabase.Schemas\SimpleDatabase.Schemas.csproj", "{D6E4BE9E-DD45-451B-9D44-D344123D9EBB}"
EndProject
Project("{9A19103F-16F7-4668-BE54-9A1E7A4F7556}") = "SimpleDatabase.Utils", "SimpleDatabase.Utils\SimpleDatabase.Utils.csproj", "{155927CB-5720-4791-92FA-57BF73657203}"
EndProject
Project("{FAE04EC0-301F-11D3-BF4B-00C04F79EFBC}") = "SimpleDatabase.Execution", "SimpleDatabase.Execution\SimpleDatabase.Execution.csproj", "{CC258708-03EE-430D-A8FF-B96D1E2B14EF}"
EndProject
Project("{FAE04EC0-301F-11D3-BF4B-00C04F79EFBC}") = "SimpleDatabase.Execution.UnitTests", "SimpleDatabase.Execution.UnitTests\SimpleDatabase.Execution.UnitTests.csproj", "{944F4892-C09D-4060-BAC0-1BFE2C0011C9}"
EndProject
Global
	GlobalSection(SolutionConfigurationPlatforms) = preSolution
		Debug|Any CPU = Debug|Any CPU
		Release|Any CPU = Release|Any CPU
	EndGlobalSection
	GlobalSection(ProjectConfigurationPlatforms) = postSolution
		{6FC119CC-6DB0-412D-B8CD-7A255E40D977}.Debug|Any CPU.ActiveCfg = Debug|Any CPU
		{6FC119CC-6DB0-412D-B8CD-7A255E40D977}.Debug|Any CPU.Build.0 = Debug|Any CPU
		{6FC119CC-6DB0-412D-B8CD-7A255E40D977}.Release|Any CPU.ActiveCfg = Release|Any CPU
		{6FC119CC-6DB0-412D-B8CD-7A255E40D977}.Release|Any CPU.Build.0 = Release|Any CPU
		{EE424103-7B96-49F5-B407-0EC8265F4783}.Debug|Any CPU.ActiveCfg = Debug|Any CPU
		{EE424103-7B96-49F5-B407-0EC8265F4783}.Debug|Any CPU.Build.0 = Debug|Any CPU
		{EE424103-7B96-49F5-B407-0EC8265F4783}.Release|Any CPU.ActiveCfg = Release|Any CPU
		{EE424103-7B96-49F5-B407-0EC8265F4783}.Release|Any CPU.Build.0 = Release|Any CPU
		{220B01D9-AC34-4409-A63D-A809B3C6A4D7}.Debug|Any CPU.ActiveCfg = Debug|Any CPU
		{220B01D9-AC34-4409-A63D-A809B3C6A4D7}.Debug|Any CPU.Build.0 = Debug|Any CPU
		{220B01D9-AC34-4409-A63D-A809B3C6A4D7}.Release|Any CPU.ActiveCfg = Release|Any CPU
		{220B01D9-AC34-4409-A63D-A809B3C6A4D7}.Release|Any CPU.Build.0 = Release|Any CPU
		{B868D35D-2BA3-4A88-8B27-81B617CB7991}.Debug|Any CPU.ActiveCfg = Debug|Any CPU
		{B868D35D-2BA3-4A88-8B27-81B617CB7991}.Debug|Any CPU.Build.0 = Debug|Any CPU
		{B868D35D-2BA3-4A88-8B27-81B617CB7991}.Release|Any CPU.ActiveCfg = Release|Any CPU
		{B868D35D-2BA3-4A88-8B27-81B617CB7991}.Release|Any CPU.Build.0 = Release|Any CPU
		{73C1BF4A-9CF9-47B0-BC3F-329D2A565D49}.Debug|Any CPU.ActiveCfg = Debug|Any CPU
		{73C1BF4A-9CF9-47B0-BC3F-329D2A565D49}.Debug|Any CPU.Build.0 = Debug|Any CPU
		{73C1BF4A-9CF9-47B0-BC3F-329D2A565D49}.Release|Any CPU.ActiveCfg = Release|Any CPU
		{73C1BF4A-9CF9-47B0-BC3F-329D2A565D49}.Release|Any CPU.Build.0 = Release|Any CPU
		{EF455001-C0A8-4386-8177-DBA038A9C099}.Debug|Any CPU.ActiveCfg = Debug|Any CPU
		{EF455001-C0A8-4386-8177-DBA038A9C099}.Debug|Any CPU.Build.0 = Debug|Any CPU
		{EF455001-C0A8-4386-8177-DBA038A9C099}.Release|Any CPU.ActiveCfg = Release|Any CPU
		{EF455001-C0A8-4386-8177-DBA038A9C099}.Release|Any CPU.Build.0 = Release|Any CPU
		{A1B28714-86DF-46E1-AF7A-EA6DD191BE3D}.Debug|Any CPU.ActiveCfg = Debug|Any CPU
		{A1B28714-86DF-46E1-AF7A-EA6DD191BE3D}.Debug|Any CPU.Build.0 = Debug|Any CPU
		{A1B28714-86DF-46E1-AF7A-EA6DD191BE3D}.Release|Any CPU.ActiveCfg = Release|Any CPU
		{A1B28714-86DF-46E1-AF7A-EA6DD191BE3D}.Release|Any CPU.Build.0 = Release|Any CPU
		{D6E4BE9E-DD45-451B-9D44-D344123D9EBB}.Debug|Any CPU.ActiveCfg = Debug|Any CPU
		{D6E4BE9E-DD45-451B-9D44-D344123D9EBB}.Debug|Any CPU.Build.0 = Debug|Any CPU
		{D6E4BE9E-DD45-451B-9D44-D344123D9EBB}.Release|Any CPU.ActiveCfg = Release|Any CPU
		{D6E4BE9E-DD45-451B-9D44-D344123D9EBB}.Release|Any CPU.Build.0 = Release|Any CPU
		{155927CB-5720-4791-92FA-57BF73657203}.Debug|Any CPU.ActiveCfg = Debug|Any CPU
		{155927CB-5720-4791-92FA-57BF73657203}.Debug|Any CPU.Build.0 = Debug|Any CPU
		{155927CB-5720-4791-92FA-57BF73657203}.Release|Any CPU.ActiveCfg = Release|Any CPU
		{155927CB-5720-4791-92FA-57BF73657203}.Release|Any CPU.Build.0 = Release|Any CPU
		{CC258708-03EE-430D-A8FF-B96D1E2B14EF}.Debug|Any CPU.ActiveCfg = Debug|Any CPU
		{CC258708-03EE-430D-A8FF-B96D1E2B14EF}.Debug|Any CPU.Build.0 = Debug|Any CPU
		{CC258708-03EE-430D-A8FF-B96D1E2B14EF}.Release|Any CPU.ActiveCfg = Release|Any CPU
		{CC258708-03EE-430D-A8FF-B96D1E2B14EF}.Release|Any CPU.Build.0 = Release|Any CPU
		{944F4892-C09D-4060-BAC0-1BFE2C0011C9}.Debug|Any CPU.ActiveCfg = Debug|Any CPU
		{944F4892-C09D-4060-BAC0-1BFE2C0011C9}.Debug|Any CPU.Build.0 = Debug|Any CPU
		{944F4892-C09D-4060-BAC0-1BFE2C0011C9}.Release|Any CPU.ActiveCfg = Release|Any CPU
		{944F4892-C09D-4060-BAC0-1BFE2C0011C9}.Release|Any CPU.Build.0 = Release|Any CPU
	EndGlobalSection
	GlobalSection(SolutionProperties) = preSolution
		HideSolutionNode = FALSE
	EndGlobalSection
	GlobalSection(ExtensibilityGlobals) = postSolution
		SolutionGuid = {E4E5999E-C21A-4B86-977F-E3E398391232}
	EndGlobalSection
EndGlobal
